{
  "name": "barnowl-minew",
  "version": "1.2.0",
  "lockfileVersion": 3,
  "requires": true,
  "packages": {
    "": {
      "name": "barnowl-minew",
      "version": "1.2.0",
      "license": "MIT",
      "dependencies": {
        "advlib-identifier": ">=0.1.0",
        "raddec": ">=0.4.3"
      },
      "devDependencies": {},
      "engines": {
        "node": ">=6.0.0"
      }
    },
    "node_modules/advlib-identifier": {
      "version": "0.1.0",
      "resolved": "https://registry.npmjs.org/advlib-identifier/-/advlib-identifier-0.1.0.tgz",
      "integrity": "sha512-cGbMDaE7VleW5J594MynK6mZWbOLtx1r7G8IExV6+SHnBrqW2gfUctr6Q4AAkI8TlCrF6Bd9VUFJXLplDx4F/A==",
      "engines": {
        "node": ">=6.0.0"
      }
    },
    "node_modules/raddec": {
      "version": "0.4.3",
      "resolved": "https://registry.npmjs.org/raddec/-/raddec-0.4.3.tgz",
      "integrity": "sha512-nQePQqRDIOdrDmUFcFIHZSm4MMLnVo72i6c0Tr+UhAnfaTvJT1n9uOgLUtYGfctdSznS2XwcMlwEz6GqI9OskQ==",
      "engines": {
        "node": ">=6.0.0"
      }
    }
  }
}
